// !$*UTF8*$!
{
	archiveVersion = 1;
	classes = {
	};
	objectVersion = 50;
	objects = {

/* Begin PBXBuildFile section */
		4E16AB4A21D124B900CB0EFD /* CollectionTableViewCell.swift in Sources */ = {isa = PBXBuildFile; fileRef = 4E16AB4821D124B900CB0EFD /* CollectionTableViewCell.swift */; };
		4E16AB4B21D124B900CB0EFD /* CollectionTableViewCell.xib in Resources */ = {isa = PBXBuildFile; fileRef = 4E16AB4921D124B900CB0EFD /* CollectionTableViewCell.xib */; };
		4E16AB4E21D14F2900CB0EFD /* EmptyTableViewCell.swift in Sources */ = {isa = PBXBuildFile; fileRef = 4E16AB4D21D14F2900CB0EFD /* EmptyTableViewCell.swift */; };
		4E16AB5621D1747900CB0EFD /* WishlistTableViewCell.swift in Sources */ = {isa = PBXBuildFile; fileRef = 4E16AB5421D1747900CB0EFD /* WishlistTableViewCell.swift */; };
		4E16AB5721D1747900CB0EFD /* WishlistTableViewCell.xib in Resources */ = {isa = PBXBuildFile; fileRef = 4E16AB5521D1747900CB0EFD /* WishlistTableViewCell.xib */; };
		4E16AB5F21D2723C00CB0EFD /* Wishlist.xcdatamodeld in Sources */ = {isa = PBXBuildFile; fileRef = 4E16AB5D21D2723C00CB0EFD /* Wishlist.xcdatamodeld */; };
		4E16AB6121D276F400CB0EFD /* CoreDataManager.swift in Sources */ = {isa = PBXBuildFile; fileRef = 4E16AB6021D276F400CB0EFD /* CoreDataManager.swift */; };
		4E16AB6721D51E0B00CB0EFD /* Person.storyboard in Resources */ = {isa = PBXBuildFile; fileRef = 4E16AB6621D51E0B00CB0EFD /* Person.storyboard */; };
		4E16AB6921D51E5800CB0EFD /* PersonTableViewController.swift in Sources */ = {isa = PBXBuildFile; fileRef = 4E16AB6821D51E5800CB0EFD /* PersonTableViewController.swift */; };
		4E16AB6B21D52A2C00CB0EFD /* PersonMovieTableViewCell.swift in Sources */ = {isa = PBXBuildFile; fileRef = 4E16AB6A21D52A2C00CB0EFD /* PersonMovieTableViewCell.swift */; };
		4E16AB6D21D52B2500CB0EFD /* PersonMovie.swift in Sources */ = {isa = PBXBuildFile; fileRef = 4E16AB6C21D52B2500CB0EFD /* PersonMovie.swift */; };
		4E16AB6F21D555EB00CB0EFD /* PersonSectionHeaderCell.swift in Sources */ = {isa = PBXBuildFile; fileRef = 4E16AB6E21D555EB00CB0EFD /* PersonSectionHeaderCell.swift */; };
		4E16AB7321D57DE200CB0EFD /* MoviesTableViewController.swift in Sources */ = {isa = PBXBuildFile; fileRef = 4E16AB7221D57DE200CB0EFD /* MoviesTableViewController.swift */; };
		4E27016121EBA9B70021EF5B /* Client+MoviesCategories.swift in Sources */ = {isa = PBXBuildFile; fileRef = 4E27016021EBA9B70021EF5B /* Client+MoviesCategories.swift */; };
		4E32CDA821C73352000A15D8 /* MovieTableViewController.swift in Sources */ = {isa = PBXBuildFile; fileRef = 4E32CDA721C73352000A15D8 /* MovieTableViewController.swift */; };
		4E32CDAB21C7343A000A15D8 /* Movie.storyboard in Resources */ = {isa = PBXBuildFile; fileRef = 4E78BE4121C445930054FC5B /* Movie.storyboard */; };
		4E32CDAD21C7378B000A15D8 /* OverviewTableViewCell.swift in Sources */ = {isa = PBXBuildFile; fileRef = 4E32CDAC21C7378B000A15D8 /* OverviewTableViewCell.swift */; };
		4E32CDAF21C73914000A15D8 /* TrailersTableViewCell.swift in Sources */ = {isa = PBXBuildFile; fileRef = 4E32CDAE21C73914000A15D8 /* TrailersTableViewCell.swift */; };
		4E32CDB121C73B7E000A15D8 /* CastTableViewCell.swift in Sources */ = {isa = PBXBuildFile; fileRef = 4E32CDB021C73B7E000A15D8 /* CastTableViewCell.swift */; };
		4E32CDB321C73D2D000A15D8 /* InformationTableViewCell.swift in Sources */ = {isa = PBXBuildFile; fileRef = 4E32CDB221C73D2D000A15D8 /* InformationTableViewCell.swift */; };
		4E32CDB621C73F25000A15D8 /* MovieDetails.swift in Sources */ = {isa = PBXBuildFile; fileRef = 4E32CDB521C73F25000A15D8 /* MovieDetails.swift */; };
		4E32CDB821C7D155000A15D8 /* MovieCast.swift in Sources */ = {isa = PBXBuildFile; fileRef = 4E32CDB721C7D155000A15D8 /* MovieCast.swift */; };
		4E32CDBF21C823A3000A15D8 /* MediaType.swift in Sources */ = {isa = PBXBuildFile; fileRef = 4E32CDBE21C823A3000A15D8 /* MediaType.swift */; };
		4E32CDC121C846E1000A15D8 /* RatingControl.swift in Sources */ = {isa = PBXBuildFile; fileRef = 4E32CDC021C846E1000A15D8 /* RatingControl.swift */; };
		4E32CDC321C92C8B000A15D8 /* MovieTrailer.swift in Sources */ = {isa = PBXBuildFile; fileRef = 4E32CDC221C92C8B000A15D8 /* MovieTrailer.swift */; };
		4E32CDC521C96E9C000A15D8 /* TrailerCollectionViewCell.swift in Sources */ = {isa = PBXBuildFile; fileRef = 4E32CDC421C96E9C000A15D8 /* TrailerCollectionViewCell.swift */; };
		4E4C2A2D21C989C4000399CE /* String+Extension.swift in Sources */ = {isa = PBXBuildFile; fileRef = 4E4C2A2C21C989C4000399CE /* String+Extension.swift */; };
		4E5F38BE2198EA2D00AA3ECC /* VKSdkFramework.framework in Frameworks */ = {isa = PBXBuildFile; fileRef = 4E5F38BD2198EA2D00AA3ECC /* VKSdkFramework.framework */; };
		4E5F38C02198F4DC00AA3ECC /* VKSdkFramework.framework in Embed Frameworks */ = {isa = PBXBuildFile; fileRef = 4E5F38BD2198EA2D00AA3ECC /* VKSdkFramework.framework */; settings = {ATTRIBUTES = (CodeSignOnCopy, RemoveHeadersOnCopy, ); }; };
		4E5F38C32198F63C00AA3ECC /* VKHandler.swift in Sources */ = {isa = PBXBuildFile; fileRef = 4E5F38C22198F63C00AA3ECC /* VKHandler.swift */; };
		4E6C11A12183A84700C914BD /* AppDelegate.swift in Sources */ = {isa = PBXBuildFile; fileRef = 4E6C11A02183A84700C914BD /* AppDelegate.swift */; };
		4E6C11A32183A84700C914BD /* AuthViewController.swift in Sources */ = {isa = PBXBuildFile; fileRef = 4E6C11A22183A84700C914BD /* AuthViewController.swift */; };
		4E6C11A82183A84900C914BD /* Assets.xcassets in Resources */ = {isa = PBXBuildFile; fileRef = 4E6C11A72183A84900C914BD /* Assets.xcassets */; };
		4E6C11AB2183A84900C914BD /* LaunchScreen.storyboard in Resources */ = {isa = PBXBuildFile; fileRef = 4E6C11A92183A84900C914BD /* LaunchScreen.storyboard */; };
		4E6C11B32183BAAB00C914BD /* AuthButton.swift in Sources */ = {isa = PBXBuildFile; fileRef = 4E6C11B22183BAAB00C914BD /* AuthButton.swift */; };
		4E78BE3921C061E00054FC5B /* ResultsTableViewController.swift in Sources */ = {isa = PBXBuildFile; fileRef = 4E78BE3821C061E00054FC5B /* ResultsTableViewController.swift */; };
		4E78BE3B21C063390054FC5B /* ItemCollectionViewCell.xib in Resources */ = {isa = PBXBuildFile; fileRef = 4E78BE2E21C020A70054FC5B /* ItemCollectionViewCell.xib */; };
		4E78BE3C21C0633C0054FC5B /* ItemCollectionViewCell.swift in Sources */ = {isa = PBXBuildFile; fileRef = 4E78BE2D21C020A70054FC5B /* ItemCollectionViewCell.swift */; };
		4E78BE4021C3EEA00054FC5B /* ConfigurationService.swift in Sources */ = {isa = PBXBuildFile; fileRef = 4E78BE3F21C3EEA00054FC5B /* ConfigurationService.swift */; };
		4EABAE7521CA9FF700189FA6 /* VideoPlayerViewController.swift in Sources */ = {isa = PBXBuildFile; fileRef = 4EABAE7421CA9FF700189FA6 /* VideoPlayerViewController.swift */; };
		4EABAE7721CC544C00189FA6 /* ReviewTableViewCell.swift in Sources */ = {isa = PBXBuildFile; fileRef = 4EABAE7621CC544C00189FA6 /* ReviewTableViewCell.swift */; };
		4EABAE7921CC567E00189FA6 /* MoviePresenter.swift in Sources */ = {isa = PBXBuildFile; fileRef = 4EABAE7821CC567E00189FA6 /* MoviePresenter.swift */; };
		4EABAE7B21CD319900189FA6 /* MovieCellIdentifiers.swift in Sources */ = {isa = PBXBuildFile; fileRef = 4EABAE7A21CD319900189FA6 /* MovieCellIdentifiers.swift */; };
		4EABAE7D21D01D1A00189FA6 /* MovieReview.swift in Sources */ = {isa = PBXBuildFile; fileRef = 4EABAE7C21D01D1A00189FA6 /* MovieReview.swift */; };
		4ED0286221BDA1D500094EAF /* Authorization.storyboard in Resources */ = {isa = PBXBuildFile; fileRef = 4ED0286121BDA1D500094EAF /* Authorization.storyboard */; };
		4ED0286721BF126200094EAF /* Alamofire.framework in Frameworks */ = {isa = PBXBuildFile; fileRef = 4ED0286621BF126200094EAF /* Alamofire.framework */; };
		4ED0286821BF126200094EAF /* Alamofire.framework in Embed Frameworks */ = {isa = PBXBuildFile; fileRef = 4ED0286621BF126200094EAF /* Alamofire.framework */; settings = {ATTRIBUTES = (CodeSignOnCopy, RemoveHeadersOnCopy, ); }; };
		4ED0286B21BF2AC900094EAF /* KeychainService.swift in Sources */ = {isa = PBXBuildFile; fileRef = 4ED0286A21BF2AC900094EAF /* KeychainService.swift */; };
		4ED0286D21BFE58100094EAF /* SearchViewController.swift in Sources */ = {isa = PBXBuildFile; fileRef = 4ED0286C21BFE58100094EAF /* SearchViewController.swift */; };
		4ED0286F21BFFCE400094EAF /* DatabaseObject.swift in Sources */ = {isa = PBXBuildFile; fileRef = 4ED0286E21BFFCE400094EAF /* DatabaseObject.swift */; };
		4ED0287121C0145700094EAF /* Kingfisher.framework in Embed Frameworks */ = {isa = PBXBuildFile; fileRef = 4ED0287021C0145700094EAF /* Kingfisher.framework */; settings = {ATTRIBUTES = (CodeSignOnCopy, RemoveHeadersOnCopy, ); }; };
		4ED0287221C0147D00094EAF /* Kingfisher.framework in Frameworks */ = {isa = PBXBuildFile; fileRef = 4ED0287021C0145700094EAF /* Kingfisher.framework */; };
		4ED9ED5E21E1314C00ADF05F /* SliderTableViewCell.swift in Sources */ = {isa = PBXBuildFile; fileRef = 4ED9ED5C21E1314C00ADF05F /* SliderTableViewCell.swift */; };
		4ED9ED6121E40BCF00ADF05F /* UIView+Extension.swift in Sources */ = {isa = PBXBuildFile; fileRef = 4ED9ED6021E40BCF00ADF05F /* UIView+Extension.swift */; };
		4ED9ED6321E40BF400ADF05F /* UISearchBarNoCancel.swift in Sources */ = {isa = PBXBuildFile; fileRef = 4ED9ED6221E40BF400ADF05F /* UISearchBarNoCancel.swift */; };
		4ED9ED6621E4112F00ADF05F /* Client.swift in Sources */ = {isa = PBXBuildFile; fileRef = 4ED9ED6521E4112F00ADF05F /* Client.swift */; };
		4ED9ED6821E4115300ADF05F /* Client+loadKeywords.swift in Sources */ = {isa = PBXBuildFile; fileRef = 4ED9ED6721E4115300ADF05F /* Client+loadKeywords.swift */; };
		4ED9ED6A21E411AC00ADF05F /* Client+SearchResults.swift in Sources */ = {isa = PBXBuildFile; fileRef = 4ED9ED6921E411AC00ADF05F /* Client+SearchResults.swift */; };
		4ED9ED6C21E4140B00ADF05F /* KeywordSearchUpdater.swift in Sources */ = {isa = PBXBuildFile; fileRef = 4ED9ED6B21E4140B00ADF05F /* KeywordSearchUpdater.swift */; };
		4ED9ED6E21E4154900ADF05F /* KeywordsViewController.swift in Sources */ = {isa = PBXBuildFile; fileRef = 4ED9ED6D21E4154900ADF05F /* KeywordsViewController.swift */; };
		4ED9ED7D21E5635C00ADF05F /* Client+MovieInformation.swift in Sources */ = {isa = PBXBuildFile; fileRef = 4ED9ED7C21E5635C00ADF05F /* Client+MovieInformation.swift */; };
		4ED9ED8121E7A96600ADF05F /* TabBarController.swift in Sources */ = {isa = PBXBuildFile; fileRef = 4ED9ED8021E7A96600ADF05F /* TabBarController.swift */; };
		4ED9ED8821E7BD5800ADF05F /* WishlistTableViewController.swift in Sources */ = {isa = PBXBuildFile; fileRef = 4ED9ED8721E7BD5800ADF05F /* WishlistTableViewController.swift */; };
		4ED9ED8D21E8071900ADF05F /* NavigatorProtocol.swift in Sources */ = {isa = PBXBuildFile; fileRef = 4ED9ED8C21E8071900ADF05F /* NavigatorProtocol.swift */; };
		4ED9ED8F21E8087F00ADF05F /* ProjectNavigator.swift in Sources */ = {isa = PBXBuildFile; fileRef = 4ED9ED8E21E8087F00ADF05F /* ProjectNavigator.swift */; };
		4ED9EE3F21E92A4600ADF05F /* WishlistTableViewController+NSFetchedResultsControllerDelegate.swift in Sources */ = {isa = PBXBuildFile; fileRef = 4ED9EE3E21E92A4600ADF05F /* WishlistTableViewController+NSFetchedResultsControllerDelegate.swift */; };
		4ED9EE4121E9446500ADF05F /* Client+PersonInfo.swift in Sources */ = {isa = PBXBuildFile; fileRef = 4ED9EE4021E9446500ADF05F /* Client+PersonInfo.swift */; };
/* End PBXBuildFile section */

/* Begin PBXCopyFilesBuildPhase section */
		4E5F38C12198F4DC00AA3ECC /* Embed Frameworks */ = {
			isa = PBXCopyFilesBuildPhase;
			buildActionMask = 2147483647;
			dstPath = "";
			dstSubfolderSpec = 10;
			files = (
				4ED0287121C0145700094EAF /* Kingfisher.framework in Embed Frameworks */,
				4E5F38C02198F4DC00AA3ECC /* VKSdkFramework.framework in Embed Frameworks */,
				4ED0286821BF126200094EAF /* Alamofire.framework in Embed Frameworks */,
			);
			name = "Embed Frameworks";
			runOnlyForDeploymentPostprocessing = 0;
		};
/* End PBXCopyFilesBuildPhase section */

/* Begin PBXFileReference section */
		4E16AB4821D124B900CB0EFD /* CollectionTableViewCell.swift */ = {isa = PBXFileReference; lastKnownFileType = sourcecode.swift; path = CollectionTableViewCell.swift; sourceTree = "<group>"; };
		4E16AB4921D124B900CB0EFD /* CollectionTableViewCell.xib */ = {isa = PBXFileReference; lastKnownFileType = file.xib; path = CollectionTableViewCell.xib; sourceTree = "<group>"; };
		4E16AB4D21D14F2900CB0EFD /* EmptyTableViewCell.swift */ = {isa = PBXFileReference; lastKnownFileType = sourcecode.swift; path = EmptyTableViewCell.swift; sourceTree = "<group>"; };
		4E16AB5421D1747900CB0EFD /* WishlistTableViewCell.swift */ = {isa = PBXFileReference; lastKnownFileType = sourcecode.swift; path = WishlistTableViewCell.swift; sourceTree = "<group>"; };
		4E16AB5521D1747900CB0EFD /* WishlistTableViewCell.xib */ = {isa = PBXFileReference; lastKnownFileType = file.xib; path = WishlistTableViewCell.xib; sourceTree = "<group>"; };
		4E16AB5E21D2723C00CB0EFD /* MovieNight.xcdatamodel */ = {isa = PBXFileReference; lastKnownFileType = wrapper.xcdatamodel; path = MovieNight.xcdatamodel; sourceTree = "<group>"; };
		4E16AB6021D276F400CB0EFD /* CoreDataManager.swift */ = {isa = PBXFileReference; lastKnownFileType = sourcecode.swift; path = CoreDataManager.swift; sourceTree = "<group>"; };
		4E16AB6621D51E0B00CB0EFD /* Person.storyboard */ = {isa = PBXFileReference; lastKnownFileType = file.storyboard; path = Person.storyboard; sourceTree = "<group>"; };
		4E16AB6821D51E5800CB0EFD /* PersonTableViewController.swift */ = {isa = PBXFileReference; lastKnownFileType = sourcecode.swift; path = PersonTableViewController.swift; sourceTree = "<group>"; };
		4E16AB6A21D52A2C00CB0EFD /* PersonMovieTableViewCell.swift */ = {isa = PBXFileReference; lastKnownFileType = sourcecode.swift; path = PersonMovieTableViewCell.swift; sourceTree = "<group>"; };
		4E16AB6C21D52B2500CB0EFD /* PersonMovie.swift */ = {isa = PBXFileReference; lastKnownFileType = sourcecode.swift; path = PersonMovie.swift; sourceTree = "<group>"; };
		4E16AB6E21D555EB00CB0EFD /* PersonSectionHeaderCell.swift */ = {isa = PBXFileReference; lastKnownFileType = sourcecode.swift; path = PersonSectionHeaderCell.swift; sourceTree = "<group>"; };
		4E16AB7221D57DE200CB0EFD /* MoviesTableViewController.swift */ = {isa = PBXFileReference; lastKnownFileType = sourcecode.swift; path = MoviesTableViewController.swift; sourceTree = "<group>"; };
		4E27016021EBA9B70021EF5B /* Client+MoviesCategories.swift */ = {isa = PBXFileReference; lastKnownFileType = sourcecode.swift; path = "Client+MoviesCategories.swift"; sourceTree = "<group>"; };
		4E32CDA721C73352000A15D8 /* MovieTableViewController.swift */ = {isa = PBXFileReference; lastKnownFileType = sourcecode.swift; path = MovieTableViewController.swift; sourceTree = "<group>"; };
		4E32CDAC21C7378B000A15D8 /* OverviewTableViewCell.swift */ = {isa = PBXFileReference; lastKnownFileType = sourcecode.swift; path = OverviewTableViewCell.swift; sourceTree = "<group>"; };
		4E32CDAE21C73914000A15D8 /* TrailersTableViewCell.swift */ = {isa = PBXFileReference; lastKnownFileType = sourcecode.swift; path = TrailersTableViewCell.swift; sourceTree = "<group>"; };
		4E32CDB021C73B7E000A15D8 /* CastTableViewCell.swift */ = {isa = PBXFileReference; lastKnownFileType = sourcecode.swift; path = CastTableViewCell.swift; sourceTree = "<group>"; };
		4E32CDB221C73D2D000A15D8 /* InformationTableViewCell.swift */ = {isa = PBXFileReference; lastKnownFileType = sourcecode.swift; path = InformationTableViewCell.swift; sourceTree = "<group>"; };
		4E32CDB521C73F25000A15D8 /* MovieDetails.swift */ = {isa = PBXFileReference; lastKnownFileType = sourcecode.swift; path = MovieDetails.swift; sourceTree = "<group>"; };
		4E32CDB721C7D155000A15D8 /* MovieCast.swift */ = {isa = PBXFileReference; lastKnownFileType = sourcecode.swift; path = MovieCast.swift; sourceTree = "<group>"; };
		4E32CDBE21C823A3000A15D8 /* MediaType.swift */ = {isa = PBXFileReference; lastKnownFileType = sourcecode.swift; path = MediaType.swift; sourceTree = "<group>"; };
		4E32CDC021C846E1000A15D8 /* RatingControl.swift */ = {isa = PBXFileReference; lastKnownFileType = sourcecode.swift; path = RatingControl.swift; sourceTree = "<group>"; };
		4E32CDC221C92C8B000A15D8 /* MovieTrailer.swift */ = {isa = PBXFileReference; lastKnownFileType = sourcecode.swift; path = MovieTrailer.swift; sourceTree = "<group>"; };
		4E32CDC421C96E9C000A15D8 /* TrailerCollectionViewCell.swift */ = {isa = PBXFileReference; lastKnownFileType = sourcecode.swift; path = TrailerCollectionViewCell.swift; sourceTree = "<group>"; };
		4E4C2A2C21C989C4000399CE /* String+Extension.swift */ = {isa = PBXFileReference; lastKnownFileType = sourcecode.swift; path = "String+Extension.swift"; sourceTree = "<group>"; };
		4E5F38BD2198EA2D00AA3ECC /* VKSdkFramework.framework */ = {isa = PBXFileReference; lastKnownFileType = wrapper.framework; name = VKSdkFramework.framework; path = Carthage/Build/iOS/VKSdkFramework.framework; sourceTree = "<group>"; };
		4E5F38C22198F63C00AA3ECC /* VKHandler.swift */ = {isa = PBXFileReference; lastKnownFileType = sourcecode.swift; path = VKHandler.swift; sourceTree = "<group>"; };
		4E6C119D2183A84700C914BD /* Film App.app */ = {isa = PBXFileReference; explicitFileType = wrapper.application; includeInIndex = 0; path = "Film App.app"; sourceTree = BUILT_PRODUCTS_DIR; };
		4E6C11A02183A84700C914BD /* AppDelegate.swift */ = {isa = PBXFileReference; lastKnownFileType = sourcecode.swift; path = AppDelegate.swift; sourceTree = "<group>"; };
		4E6C11A22183A84700C914BD /* AuthViewController.swift */ = {isa = PBXFileReference; lastKnownFileType = sourcecode.swift; path = AuthViewController.swift; sourceTree = "<group>"; };
		4E6C11A72183A84900C914BD /* Assets.xcassets */ = {isa = PBXFileReference; lastKnownFileType = folder.assetcatalog; path = Assets.xcassets; sourceTree = "<group>"; };
		4E6C11AA2183A84900C914BD /* Base */ = {isa = PBXFileReference; lastKnownFileType = file.storyboard; name = Base; path = Base.lproj/LaunchScreen.storyboard; sourceTree = "<group>"; };
		4E6C11AC2183A84900C914BD /* Info.plist */ = {isa = PBXFileReference; lastKnownFileType = text.plist.xml; path = Info.plist; sourceTree = "<group>"; };
		4E6C11B22183BAAB00C914BD /* AuthButton.swift */ = {isa = PBXFileReference; lastKnownFileType = sourcecode.swift; path = AuthButton.swift; sourceTree = "<group>"; };
		4E78BE2D21C020A70054FC5B /* ItemCollectionViewCell.swift */ = {isa = PBXFileReference; lastKnownFileType = sourcecode.swift; path = ItemCollectionViewCell.swift; sourceTree = "<group>"; };
		4E78BE2E21C020A70054FC5B /* ItemCollectionViewCell.xib */ = {isa = PBXFileReference; lastKnownFileType = file.xib; path = ItemCollectionViewCell.xib; sourceTree = "<group>"; };
		4E78BE3821C061E00054FC5B /* ResultsTableViewController.swift */ = {isa = PBXFileReference; lastKnownFileType = sourcecode.swift; path = ResultsTableViewController.swift; sourceTree = "<group>"; };
		4E78BE3F21C3EEA00054FC5B /* ConfigurationService.swift */ = {isa = PBXFileReference; lastKnownFileType = sourcecode.swift; path = ConfigurationService.swift; sourceTree = "<group>"; };
		4E78BE4121C445930054FC5B /* Movie.storyboard */ = {isa = PBXFileReference; lastKnownFileType = file.storyboard; path = Movie.storyboard; sourceTree = "<group>"; };
		4EABAE7421CA9FF700189FA6 /* VideoPlayerViewController.swift */ = {isa = PBXFileReference; lastKnownFileType = sourcecode.swift; path = VideoPlayerViewController.swift; sourceTree = "<group>"; };
		4EABAE7621CC544C00189FA6 /* ReviewTableViewCell.swift */ = {isa = PBXFileReference; lastKnownFileType = sourcecode.swift; path = ReviewTableViewCell.swift; sourceTree = "<group>"; };
		4EABAE7821CC567E00189FA6 /* MoviePresenter.swift */ = {isa = PBXFileReference; lastKnownFileType = sourcecode.swift; path = MoviePresenter.swift; sourceTree = "<group>"; };
		4EABAE7A21CD319900189FA6 /* MovieCellIdentifiers.swift */ = {isa = PBXFileReference; lastKnownFileType = sourcecode.swift; path = MovieCellIdentifiers.swift; sourceTree = "<group>"; };
		4EABAE7C21D01D1A00189FA6 /* MovieReview.swift */ = {isa = PBXFileReference; lastKnownFileType = sourcecode.swift; path = MovieReview.swift; sourceTree = "<group>"; };
		4ED0286121BDA1D500094EAF /* Authorization.storyboard */ = {isa = PBXFileReference; lastKnownFileType = file.storyboard; path = Authorization.storyboard; sourceTree = "<group>"; };
		4ED0286621BF126200094EAF /* Alamofire.framework */ = {isa = PBXFileReference; lastKnownFileType = wrapper.framework; name = Alamofire.framework; path = Carthage/Build/iOS/Alamofire.framework; sourceTree = "<group>"; };
		4ED0286A21BF2AC900094EAF /* KeychainService.swift */ = {isa = PBXFileReference; lastKnownFileType = sourcecode.swift; path = KeychainService.swift; sourceTree = "<group>"; };
		4ED0286C21BFE58100094EAF /* SearchViewController.swift */ = {isa = PBXFileReference; lastKnownFileType = sourcecode.swift; path = SearchViewController.swift; sourceTree = "<group>"; };
		4ED0286E21BFFCE400094EAF /* DatabaseObject.swift */ = {isa = PBXFileReference; lastKnownFileType = sourcecode.swift; path = DatabaseObject.swift; sourceTree = "<group>"; };
		4ED0287021C0145700094EAF /* Kingfisher.framework */ = {isa = PBXFileReference; lastKnownFileType = wrapper.framework; name = Kingfisher.framework; path = Carthage/Build/iOS/Kingfisher.framework; sourceTree = "<group>"; };
		4ED9ED5C21E1314C00ADF05F /* SliderTableViewCell.swift */ = {isa = PBXFileReference; lastKnownFileType = sourcecode.swift; path = SliderTableViewCell.swift; sourceTree = "<group>"; };
		4ED9ED6021E40BCF00ADF05F /* UIView+Extension.swift */ = {isa = PBXFileReference; lastKnownFileType = sourcecode.swift; path = "UIView+Extension.swift"; sourceTree = "<group>"; };
		4ED9ED6221E40BF400ADF05F /* UISearchBarNoCancel.swift */ = {isa = PBXFileReference; lastKnownFileType = sourcecode.swift; path = UISearchBarNoCancel.swift; sourceTree = "<group>"; };
		4ED9ED6521E4112F00ADF05F /* Client.swift */ = {isa = PBXFileReference; lastKnownFileType = sourcecode.swift; path = Client.swift; sourceTree = "<group>"; };
		4ED9ED6721E4115300ADF05F /* Client+loadKeywords.swift */ = {isa = PBXFileReference; lastKnownFileType = sourcecode.swift; path = "Client+loadKeywords.swift"; sourceTree = "<group>"; };
		4ED9ED6921E411AC00ADF05F /* Client+SearchResults.swift */ = {isa = PBXFileReference; lastKnownFileType = sourcecode.swift; path = "Client+SearchResults.swift"; sourceTree = "<group>"; };
		4ED9ED6B21E4140B00ADF05F /* KeywordSearchUpdater.swift */ = {isa = PBXFileReference; lastKnownFileType = sourcecode.swift; path = KeywordSearchUpdater.swift; sourceTree = "<group>"; };
		4ED9ED6D21E4154900ADF05F /* KeywordsViewController.swift */ = {isa = PBXFileReference; lastKnownFileType = sourcecode.swift; path = KeywordsViewController.swift; sourceTree = "<group>"; };
		4ED9ED7C21E5635C00ADF05F /* Client+MovieInformation.swift */ = {isa = PBXFileReference; lastKnownFileType = sourcecode.swift; path = "Client+MovieInformation.swift"; sourceTree = "<group>"; };
		4ED9ED8021E7A96600ADF05F /* TabBarController.swift */ = {isa = PBXFileReference; lastKnownFileType = sourcecode.swift; path = TabBarController.swift; sourceTree = "<group>"; };
		4ED9ED8721E7BD5800ADF05F /* WishlistTableViewController.swift */ = {isa = PBXFileReference; lastKnownFileType = sourcecode.swift; path = WishlistTableViewController.swift; sourceTree = "<group>"; };
		4ED9ED8C21E8071900ADF05F /* NavigatorProtocol.swift */ = {isa = PBXFileReference; lastKnownFileType = sourcecode.swift; path = NavigatorProtocol.swift; sourceTree = "<group>"; };
		4ED9ED8E21E8087F00ADF05F /* ProjectNavigator.swift */ = {isa = PBXFileReference; lastKnownFileType = sourcecode.swift; path = ProjectNavigator.swift; sourceTree = "<group>"; };
		4ED9EE3E21E92A4600ADF05F /* WishlistTableViewController+NSFetchedResultsControllerDelegate.swift */ = {isa = PBXFileReference; lastKnownFileType = sourcecode.swift; path = "WishlistTableViewController+NSFetchedResultsControllerDelegate.swift"; sourceTree = "<group>"; };
		4ED9EE4021E9446500ADF05F /* Client+PersonInfo.swift */ = {isa = PBXFileReference; lastKnownFileType = sourcecode.swift; path = "Client+PersonInfo.swift"; sourceTree = "<group>"; };
/* End PBXFileReference section */

/* Begin PBXFrameworksBuildPhase section */
		4E6C119A2183A84700C914BD /* Frameworks */ = {
			isa = PBXFrameworksBuildPhase;
			buildActionMask = 2147483647;
			files = (
				4ED0287221C0147D00094EAF /* Kingfisher.framework in Frameworks */,
				4E5F38BE2198EA2D00AA3ECC /* VKSdkFramework.framework in Frameworks */,
				4ED0286721BF126200094EAF /* Alamofire.framework in Frameworks */,
			);
			runOnlyForDeploymentPostprocessing = 0;
		};
/* End PBXFrameworksBuildPhase section */

/* Begin PBXGroup section */
		4E16AB4C21D12CEC00CB0EFD /* Items Collection */ = {
			isa = PBXGroup;
			children = (
				4E16AB4821D124B900CB0EFD /* CollectionTableViewCell.swift */,
				4E16AB4921D124B900CB0EFD /* CollectionTableViewCell.xib */,
				4E78BE2D21C020A70054FC5B /* ItemCollectionViewCell.swift */,
				4E78BE2E21C020A70054FC5B /* ItemCollectionViewCell.xib */,
			);
			path = "Items Collection";
			sourceTree = "<group>";
		};
		4E16AB5121D173B600CB0EFD /* Wishlist */ = {
			isa = PBXGroup;
			children = (
				4ED9ED8721E7BD5800ADF05F /* WishlistTableViewController.swift */,
				4ED9EE3E21E92A4600ADF05F /* WishlistTableViewController+NSFetchedResultsControllerDelegate.swift */,
				4E16AB5421D1747900CB0EFD /* WishlistTableViewCell.swift */,
				4E16AB5521D1747900CB0EFD /* WishlistTableViewCell.xib */,
				4E16AB6221D4312700CB0EFD /* Model */,
			);
			path = Wishlist;
			sourceTree = "<group>";
		};
		4E16AB6221D4312700CB0EFD /* Model */ = {
			isa = PBXGroup;
			children = (
				4E16AB5D21D2723C00CB0EFD /* Wishlist.xcdatamodeld */,
				4E16AB6021D276F400CB0EFD /* CoreDataManager.swift */,
			);
			path = Model;
			sourceTree = "<group>";
		};
		4E16AB6521D51DEA00CB0EFD /* Person */ = {
			isa = PBXGroup;
			children = (
				4E16AB6621D51E0B00CB0EFD /* Person.storyboard */,
				4E16AB6821D51E5800CB0EFD /* PersonTableViewController.swift */,
				4E16AB7121D57D3C00CB0EFD /* Cells */,
				4E16AB7021D57D2E00CB0EFD /* Model */,
			);
			path = Person;
			sourceTree = "<group>";
		};
		4E16AB7021D57D2E00CB0EFD /* Model */ = {
			isa = PBXGroup;
			children = (
				4E16AB6C21D52B2500CB0EFD /* PersonMovie.swift */,
			);
			path = Model;
			sourceTree = "<group>";
		};
		4E16AB7121D57D3C00CB0EFD /* Cells */ = {
			isa = PBXGroup;
			children = (
				4E16AB6A21D52A2C00CB0EFD /* PersonMovieTableViewCell.swift */,
				4E16AB6E21D555EB00CB0EFD /* PersonSectionHeaderCell.swift */,
			);
			path = Cells;
			sourceTree = "<group>";
		};
		4E16AB7421D57DFA00CB0EFD /* Movies */ = {
			isa = PBXGroup;
			children = (
				4E16AB7221D57DE200CB0EFD /* MoviesTableViewController.swift */,
				4ED9ED5C21E1314C00ADF05F /* SliderTableViewCell.swift */,
			);
			path = Movies;
			sourceTree = "<group>";
		};
		4E32CDB421C73DAC000A15D8 /* Cells */ = {
			isa = PBXGroup;
			children = (
				4E32CDAE21C73914000A15D8 /* TrailersTableViewCell.swift */,
				4E32CDC421C96E9C000A15D8 /* TrailerCollectionViewCell.swift */,
				4E32CDAC21C7378B000A15D8 /* OverviewTableViewCell.swift */,
				4E32CDB021C73B7E000A15D8 /* CastTableViewCell.swift */,
				4E32CDB221C73D2D000A15D8 /* InformationTableViewCell.swift */,
				4EABAE7621CC544C00189FA6 /* ReviewTableViewCell.swift */,
				4E16AB4D21D14F2900CB0EFD /* EmptyTableViewCell.swift */,
			);
			path = Cells;
			sourceTree = "<group>";
		};
		4E32CDB921C7F61C000A15D8 /* Models */ = {
			isa = PBXGroup;
			children = (
				4E32CDB521C73F25000A15D8 /* MovieDetails.swift */,
				4E32CDC221C92C8B000A15D8 /* MovieTrailer.swift */,
				4E32CDB721C7D155000A15D8 /* MovieCast.swift */,
				4EABAE7C21D01D1A00189FA6 /* MovieReview.swift */,
			);
			path = Models;
			sourceTree = "<group>";
		};
		4E5F38BC2198EA2C00AA3ECC /* Frameworks */ = {
			isa = PBXGroup;
			children = (
				4ED0287021C0145700094EAF /* Kingfisher.framework */,
				4ED0286621BF126200094EAF /* Alamofire.framework */,
				4E5F38BD2198EA2D00AA3ECC /* VKSdkFramework.framework */,
			);
			name = Frameworks;
			sourceTree = "<group>";
		};
		4E6C11942183A84700C914BD = {
			isa = PBXGroup;
			children = (
				4E6C119F2183A84700C914BD /* Film App */,
				4E6C119E2183A84700C914BD /* Products */,
				4E5F38BC2198EA2C00AA3ECC /* Frameworks */,
			);
			sourceTree = "<group>";
		};
		4E6C119E2183A84700C914BD /* Products */ = {
			isa = PBXGroup;
			children = (
				4E6C119D2183A84700C914BD /* Film App.app */,
			);
			name = Products;
			sourceTree = "<group>";
		};
		4E6C119F2183A84700C914BD /* Film App */ = {
			isa = PBXGroup;
			children = (
				4ED9ED6421E4112300ADF05F /* Client */,
				4ED9ED7121E542DA00ADF05F /* Extensions */,
				4ED9ED8B21E7D1A200ADF05F /* Navigation */,
				4E32CDBE21C823A3000A15D8 /* MediaType.swift */,
				4E16AB7421D57DFA00CB0EFD /* Movies */,
				4ED0286321BDADB600094EAF /* Authorization (not used yet) */,
				4E16AB5121D173B600CB0EFD /* Wishlist */,
				4E78BE3121C045820054FC5B /* Search */,
				4E16AB4C21D12CEC00CB0EFD /* Items Collection */,
				4E16AB6521D51DEA00CB0EFD /* Person */,
				4E78BE4321C4503E0054FC5B /* Movie */,
				4E6C11A02183A84700C914BD /* AppDelegate.swift */,
				4E6C11A72183A84900C914BD /* Assets.xcassets */,
				4E6C11A92183A84900C914BD /* LaunchScreen.storyboard */,
				4E6C11AC2183A84900C914BD /* Info.plist */,
			);
			path = "Film App";
			sourceTree = "<group>";
		};
		4E78BE3121C045820054FC5B /* Search */ = {
			isa = PBXGroup;
			children = (
				4ED0286E21BFFCE400094EAF /* DatabaseObject.swift */,
				4ED9ED6221E40BF400ADF05F /* UISearchBarNoCancel.swift */,
				4ED0286C21BFE58100094EAF /* SearchViewController.swift */,
				4ED9ED6D21E4154900ADF05F /* KeywordsViewController.swift */,
				4ED9ED6B21E4140B00ADF05F /* KeywordSearchUpdater.swift */,
				4E78BE3821C061E00054FC5B /* ResultsTableViewController.swift */,
			);
			path = Search;
			sourceTree = "<group>";
		};
		4E78BE4321C4503E0054FC5B /* Movie */ = {
			isa = PBXGroup;
			children = (
				4E78BE4121C445930054FC5B /* Movie.storyboard */,
				4E32CDA721C73352000A15D8 /* MovieTableViewController.swift */,
				4EABAE7A21CD319900189FA6 /* MovieCellIdentifiers.swift */,
				4EABAE7821CC567E00189FA6 /* MoviePresenter.swift */,
				4EABAE7421CA9FF700189FA6 /* VideoPlayerViewController.swift */,
				4E32CDC021C846E1000A15D8 /* RatingControl.swift */,
				4E32CDB421C73DAC000A15D8 /* Cells */,
				4E32CDB921C7F61C000A15D8 /* Models */,
			);
			path = Movie;
			sourceTree = "<group>";
		};
		4ED0286321BDADB600094EAF /* Authorization (not used yet) */ = {
			isa = PBXGroup;
			children = (
				4ED0286121BDA1D500094EAF /* Authorization.storyboard */,
				4ED0286A21BF2AC900094EAF /* KeychainService.swift */,
				4E6C11B22183BAAB00C914BD /* AuthButton.swift */,
				4E5F38C22198F63C00AA3ECC /* VKHandler.swift */,
				4E6C11A22183A84700C914BD /* AuthViewController.swift */,
			);
			path = "Authorization (not used yet)";
			sourceTree = "<group>";
		};
		4ED9ED6421E4112300ADF05F /* Client */ = {
			isa = PBXGroup;
			children = (
				4E78BE3F21C3EEA00054FC5B /* ConfigurationService.swift */,
				4ED9ED6521E4112F00ADF05F /* Client.swift */,
				4ED9ED6721E4115300ADF05F /* Client+loadKeywords.swift */,
				4ED9ED6921E411AC00ADF05F /* Client+SearchResults.swift */,
				4ED9ED7C21E5635C00ADF05F /* Client+MovieInformation.swift */,
				4ED9EE4021E9446500ADF05F /* Client+PersonInfo.swift */,
				4E27016021EBA9B70021EF5B /* Client+MoviesCategories.swift */,
			);
			path = Client;
			sourceTree = "<group>";
		};
		4ED9ED7121E542DA00ADF05F /* Extensions */ = {
			isa = PBXGroup;
			children = (
				4E4C2A2C21C989C4000399CE /* String+Extension.swift */,
				4ED9ED6021E40BCF00ADF05F /* UIView+Extension.swift */,
			);
			path = Extensions;
			sourceTree = "<group>";
		};
		4ED9ED8B21E7D1A200ADF05F /* Navigation */ = {
			isa = PBXGroup;
			children = (
				4ED9ED8021E7A96600ADF05F /* TabBarController.swift */,
				4ED9ED8C21E8071900ADF05F /* NavigatorProtocol.swift */,
				4ED9ED8E21E8087F00ADF05F /* ProjectNavigator.swift */,
			);
			path = Navigation;
			sourceTree = "<group>";
		};
/* End PBXGroup section */

/* Begin PBXNativeTarget section */
		4E6C119C2183A84700C914BD /* Film App */ = {
			isa = PBXNativeTarget;
			buildConfigurationList = 4E6C11AF2183A84900C914BD /* Build configuration list for PBXNativeTarget "Film App" */;
			buildPhases = (
				4E6C11992183A84700C914BD /* Sources */,
				4E6C119A2183A84700C914BD /* Frameworks */,
				4E6C119B2183A84700C914BD /* Resources */,
				4E5F38C12198F4DC00AA3ECC /* Embed Frameworks */,
				4ED0286921BF12B500094EAF /* ShellScript */,
			);
			buildRules = (
			);
			dependencies = (
			);
			name = "Film App";
			productName = "Film App";
			productReference = 4E6C119D2183A84700C914BD /* Film App.app */;
			productType = "com.apple.product-type.application";
		};
/* End PBXNativeTarget section */

/* Begin PBXProject section */
		4E6C11952183A84700C914BD /* Project object */ = {
			isa = PBXProject;
			attributes = {
				LastSwiftUpdateCheck = 1000;
				LastUpgradeCheck = 1010;
				ORGANIZATIONNAME = "Veronika Danilova";
				TargetAttributes = {
					4E6C119C2183A84700C914BD = {
						CreatedOnToolsVersion = 10.0;
						LastSwiftMigration = 1010;
					};
				};
			};
			buildConfigurationList = 4E6C11982183A84700C914BD /* Build configuration list for PBXProject "Film App" */;
			compatibilityVersion = "Xcode 9.3";
			developmentRegion = en;
			hasScannedForEncodings = 0;
			knownRegions = (
				en,
				Base,
			);
			mainGroup = 4E6C11942183A84700C914BD;
			productRefGroup = 4E6C119E2183A84700C914BD /* Products */;
			projectDirPath = "";
			projectRoot = "";
			targets = (
				4E6C119C2183A84700C914BD /* Film App */,
			);
		};
/* End PBXProject section */

/* Begin PBXResourcesBuildPhase section */
		4E6C119B2183A84700C914BD /* Resources */ = {
			isa = PBXResourcesBuildPhase;
			buildActionMask = 2147483647;
			files = (
				4E16AB4B21D124B900CB0EFD /* CollectionTableViewCell.xib in Resources */,
				4E16AB5721D1747900CB0EFD /* WishlistTableViewCell.xib in Resources */,
				4E78BE3B21C063390054FC5B /* ItemCollectionViewCell.xib in Resources */,
				4E32CDAB21C7343A000A15D8 /* Movie.storyboard in Resources */,
				4E6C11AB2183A84900C914BD /* LaunchScreen.storyboard in Resources */,
				4E16AB6721D51E0B00CB0EFD /* Person.storyboard in Resources */,
				4ED0286221BDA1D500094EAF /* Authorization.storyboard in Resources */,
				4E6C11A82183A84900C914BD /* Assets.xcassets in Resources */,
			);
			runOnlyForDeploymentPostprocessing = 0;
		};
/* End PBXResourcesBuildPhase section */

/* Begin PBXShellScriptBuildPhase section */
		4ED0286921BF12B500094EAF /* ShellScript */ = {
			isa = PBXShellScriptBuildPhase;
			buildActionMask = 2147483647;
			files = (
			);
			inputFileListPaths = (
			);
			inputPaths = (
				"$(SRCROOT)/Carthage/Build/iOS/Alamofire.framework",
				"$(SRCROOT)/Carthage/Build/iOS/Kingfisher.framework",
			);
			outputFileListPaths = (
			);
			outputPaths = (
			);
			runOnlyForDeploymentPostprocessing = 0;
			shellPath = /bin/sh;
			shellScript = "# Type a script or drag a script file from your workspace to insert its path.\n/usr/local/bin/carthage copy-frameworks\n";
		};
/* End PBXShellScriptBuildPhase section */

/* Begin PBXSourcesBuildPhase section */
		4E6C11992183A84700C914BD /* Sources */ = {
			isa = PBXSourcesBuildPhase;
			buildActionMask = 2147483647;
			files = (
				4E32CDB321C73D2D000A15D8 /* InformationTableViewCell.swift in Sources */,
				4E78BE4021C3EEA00054FC5B /* ConfigurationService.swift in Sources */,
				4ED9ED6A21E411AC00ADF05F /* Client+SearchResults.swift in Sources */,
				4E78BE3921C061E00054FC5B /* ResultsTableViewController.swift in Sources */,
				4ED9ED6621E4112F00ADF05F /* Client.swift in Sources */,
				4ED0286D21BFE58100094EAF /* SearchViewController.swift in Sources */,
				4E32CDB121C73B7E000A15D8 /* CastTableViewCell.swift in Sources */,
				4E16AB6D21D52B2500CB0EFD /* PersonMovie.swift in Sources */,
				4ED9ED8821E7BD5800ADF05F /* WishlistTableViewController.swift in Sources */,
				4ED9ED7D21E5635C00ADF05F /* Client+MovieInformation.swift in Sources */,
				4ED9ED6E21E4154900ADF05F /* KeywordsViewController.swift in Sources */,
				4EABAE7721CC544C00189FA6 /* ReviewTableViewCell.swift in Sources */,
				4E32CDB821C7D155000A15D8 /* MovieCast.swift in Sources */,
				4E32CDAD21C7378B000A15D8 /* OverviewTableViewCell.swift in Sources */,
				4ED9ED6821E4115300ADF05F /* Client+loadKeywords.swift in Sources */,
				4E16AB4E21D14F2900CB0EFD /* EmptyTableViewCell.swift in Sources */,
				4E16AB5621D1747900CB0EFD /* WishlistTableViewCell.swift in Sources */,
				4E16AB5F21D2723C00CB0EFD /* Wishlist.xcdatamodeld in Sources */,
				4ED9ED6121E40BCF00ADF05F /* UIView+Extension.swift in Sources */,
				4ED0286F21BFFCE400094EAF /* DatabaseObject.swift in Sources */,
				4EABAE7521CA9FF700189FA6 /* VideoPlayerViewController.swift in Sources */,
				4E6C11A32183A84700C914BD /* AuthViewController.swift in Sources */,
				4E16AB7321D57DE200CB0EFD /* MoviesTableViewController.swift in Sources */,
				4E27016121EBA9B70021EF5B /* Client+MoviesCategories.swift in Sources */,
				4E32CDB621C73F25000A15D8 /* MovieDetails.swift in Sources */,
				4ED9ED8F21E8087F00ADF05F /* ProjectNavigator.swift in Sources */,
				4E32CDC321C92C8B000A15D8 /* MovieTrailer.swift in Sources */,
				4E32CDA821C73352000A15D8 /* MovieTableViewController.swift in Sources */,
				4E5F38C32198F63C00AA3ECC /* VKHandler.swift in Sources */,
				4E6C11A12183A84700C914BD /* AppDelegate.swift in Sources */,
				4EABAE7D21D01D1A00189FA6 /* MovieReview.swift in Sources */,
				4E16AB6F21D555EB00CB0EFD /* PersonSectionHeaderCell.swift in Sources */,
				4ED9ED8D21E8071900ADF05F /* NavigatorProtocol.swift in Sources */,
				4ED9EE4121E9446500ADF05F /* Client+PersonInfo.swift in Sources */,
				4E32CDC121C846E1000A15D8 /* RatingControl.swift in Sources */,
				4E16AB6B21D52A2C00CB0EFD /* PersonMovieTableViewCell.swift in Sources */,
				4EABAE7B21CD319900189FA6 /* MovieCellIdentifiers.swift in Sources */,
				4E78BE3C21C0633C0054FC5B /* ItemCollectionViewCell.swift in Sources */,
				4ED9ED6321E40BF400ADF05F /* UISearchBarNoCancel.swift in Sources */,
				4E16AB6921D51E5800CB0EFD /* PersonTableViewController.swift in Sources */,
				4ED9ED6C21E4140B00ADF05F /* KeywordSearchUpdater.swift in Sources */,
				4EABAE7921CC567E00189FA6 /* MoviePresenter.swift in Sources */,
				4E6C11B32183BAAB00C914BD /* AuthButton.swift in Sources */,
				4ED0286B21BF2AC900094EAF /* KeychainService.swift in Sources */,
				4ED9EE3F21E92A4600ADF05F /* WishlistTableViewController+NSFetchedResultsControllerDelegate.swift in Sources */,
				4E16AB4A21D124B900CB0EFD /* CollectionTableViewCell.swift in Sources */,
				4ED9ED5E21E1314C00ADF05F /* SliderTableViewCell.swift in Sources */,
				4ED9ED8121E7A96600ADF05F /* TabBarController.swift in Sources */,
				4E32CDC521C96E9C000A15D8 /* TrailerCollectionViewCell.swift in Sources */,
				4E4C2A2D21C989C4000399CE /* String+Extension.swift in Sources */,
				4E32CDBF21C823A3000A15D8 /* MediaType.swift in Sources */,
				4E16AB6121D276F400CB0EFD /* CoreDataManager.swift in Sources */,
				4E32CDAF21C73914000A15D8 /* TrailersTableViewCell.swift in Sources */,
			);
			runOnlyForDeploymentPostprocessing = 0;
		};
/* End PBXSourcesBuildPhase section */

/* Begin PBXVariantGroup section */
		4E6C11A92183A84900C914BD /* LaunchScreen.storyboard */ = {
			isa = PBXVariantGroup;
			children = (
				4E6C11AA2183A84900C914BD /* Base */,
			);
			name = LaunchScreen.storyboard;
			sourceTree = "<group>";
		};
/* End PBXVariantGroup section */

/* Begin XCBuildConfiguration section */
		4E6C11AD2183A84900C914BD /* Debug */ = {
			isa = XCBuildConfiguration;
			buildSettings = {
				ALWAYS_SEARCH_USER_PATHS = NO;
				CLANG_ANALYZER_NONNULL = YES;
				CLANG_ANALYZER_NUMBER_OBJECT_CONVERSION = YES_AGGRESSIVE;
				CLANG_CXX_LANGUAGE_STANDARD = "gnu++14";
				CLANG_CXX_LIBRARY = "libc++";
				CLANG_ENABLE_MODULES = YES;
				CLANG_ENABLE_OBJC_ARC = YES;
				CLANG_ENABLE_OBJC_WEAK = YES;
				CLANG_WARN_BLOCK_CAPTURE_AUTORELEASING = YES;
				CLANG_WARN_BOOL_CONVERSION = YES;
				CLANG_WARN_COMMA = YES;
				CLANG_WARN_CONSTANT_CONVERSION = YES;
				CLANG_WARN_DEPRECATED_OBJC_IMPLEMENTATIONS = YES;
				CLANG_WARN_DIRECT_OBJC_ISA_USAGE = YES_ERROR;
				CLANG_WARN_DOCUMENTATION_COMMENTS = YES;
				CLANG_WARN_EMPTY_BODY = YES;
				CLANG_WARN_ENUM_CONVERSION = YES;
				CLANG_WARN_INFINITE_RECURSION = YES;
				CLANG_WARN_INT_CONVERSION = YES;
				CLANG_WARN_NON_LITERAL_NULL_CONVERSION = YES;
				CLANG_WARN_OBJC_IMPLICIT_RETAIN_SELF = YES;
				CLANG_WARN_OBJC_LITERAL_CONVERSION = YES;
				CLANG_WARN_OBJC_ROOT_CLASS = YES_ERROR;
				CLANG_WARN_RANGE_LOOP_ANALYSIS = YES;
				CLANG_WARN_STRICT_PROTOTYPES = YES;
				CLANG_WARN_SUSPICIOUS_MOVE = YES;
				CLANG_WARN_UNGUARDED_AVAILABILITY = YES_AGGRESSIVE;
				CLANG_WARN_UNREACHABLE_CODE = YES;
				CLANG_WARN__DUPLICATE_METHOD_MATCH = YES;
				CODE_SIGN_IDENTITY = "iPhone Developer";
				COPY_PHASE_STRIP = NO;
				DEBUG_INFORMATION_FORMAT = dwarf;
				ENABLE_STRICT_OBJC_MSGSEND = YES;
				ENABLE_TESTABILITY = YES;
				GCC_C_LANGUAGE_STANDARD = gnu11;
				GCC_DYNAMIC_NO_PIC = NO;
				GCC_NO_COMMON_BLOCKS = YES;
				GCC_OPTIMIZATION_LEVEL = 0;
				GCC_PREPROCESSOR_DEFINITIONS = (
					"DEBUG=1",
					"$(inherited)",
				);
				GCC_WARN_64_TO_32_BIT_CONVERSION = YES;
				GCC_WARN_ABOUT_RETURN_TYPE = YES_ERROR;
				GCC_WARN_UNDECLARED_SELECTOR = YES;
				GCC_WARN_UNINITIALIZED_AUTOS = YES_AGGRESSIVE;
				GCC_WARN_UNUSED_FUNCTION = YES;
				GCC_WARN_UNUSED_VARIABLE = YES;
				IPHONEOS_DEPLOYMENT_TARGET = 12.0;
				MTL_ENABLE_DEBUG_INFO = INCLUDE_SOURCE;
				MTL_FAST_MATH = YES;
				ONLY_ACTIVE_ARCH = YES;
				SDKROOT = iphoneos;
				SWIFT_ACTIVE_COMPILATION_CONDITIONS = DEBUG;
				SWIFT_OPTIMIZATION_LEVEL = "-Onone";
			};
			name = Debug;
		};
		4E6C11AE2183A84900C914BD /* Release */ = {
			isa = XCBuildConfiguration;
			buildSettings = {
				ALWAYS_SEARCH_USER_PATHS = NO;
				CLANG_ANALYZER_NONNULL = YES;
				CLANG_ANALYZER_NUMBER_OBJECT_CONVERSION = YES_AGGRESSIVE;
				CLANG_CXX_LANGUAGE_STANDARD = "gnu++14";
				CLANG_CXX_LIBRARY = "libc++";
				CLANG_ENABLE_MODULES = YES;
				CLANG_ENABLE_OBJC_ARC = YES;
				CLANG_ENABLE_OBJC_WEAK = YES;
				CLANG_WARN_BLOCK_CAPTURE_AUTORELEASING = YES;
				CLANG_WARN_BOOL_CONVERSION = YES;
				CLANG_WARN_COMMA = YES;
				CLANG_WARN_CONSTANT_CONVERSION = YES;
				CLANG_WARN_DEPRECATED_OBJC_IMPLEMENTATIONS = YES;
				CLANG_WARN_DIRECT_OBJC_ISA_USAGE = YES_ERROR;
				CLANG_WARN_DOCUMENTATION_COMMENTS = YES;
				CLANG_WARN_EMPTY_BODY = YES;
				CLANG_WARN_ENUM_CONVERSION = YES;
				CLANG_WARN_INFINITE_RECURSION = YES;
				CLANG_WARN_INT_CONVERSION = YES;
				CLANG_WARN_NON_LITERAL_NULL_CONVERSION = YES;
				CLANG_WARN_OBJC_IMPLICIT_RETAIN_SELF = YES;
				CLANG_WARN_OBJC_LITERAL_CONVERSION = YES;
				CLANG_WARN_OBJC_ROOT_CLASS = YES_ERROR;
				CLANG_WARN_RANGE_LOOP_ANALYSIS = YES;
				CLANG_WARN_STRICT_PROTOTYPES = YES;
				CLANG_WARN_SUSPICIOUS_MOVE = YES;
				CLANG_WARN_UNGUARDED_AVAILABILITY = YES_AGGRESSIVE;
				CLANG_WARN_UNREACHABLE_CODE = YES;
				CLANG_WARN__DUPLICATE_METHOD_MATCH = YES;
				CODE_SIGN_IDENTITY = "iPhone Developer";
				COPY_PHASE_STRIP = NO;
				DEBUG_INFORMATION_FORMAT = "dwarf-with-dsym";
				ENABLE_NS_ASSERTIONS = NO;
				ENABLE_STRICT_OBJC_MSGSEND = YES;
				GCC_C_LANGUAGE_STANDARD = gnu11;
				GCC_NO_COMMON_BLOCKS = YES;
				GCC_WARN_64_TO_32_BIT_CONVERSION = YES;
				GCC_WARN_ABOUT_RETURN_TYPE = YES_ERROR;
				GCC_WARN_UNDECLARED_SELECTOR = YES;
				GCC_WARN_UNINITIALIZED_AUTOS = YES_AGGRESSIVE;
				GCC_WARN_UNUSED_FUNCTION = YES;
				GCC_WARN_UNUSED_VARIABLE = YES;
				IPHONEOS_DEPLOYMENT_TARGET = 12.0;
				MTL_ENABLE_DEBUG_INFO = NO;
				MTL_FAST_MATH = YES;
				SDKROOT = iphoneos;
				SWIFT_COMPILATION_MODE = wholemodule;
				SWIFT_OPTIMIZATION_LEVEL = "-O";
				VALIDATE_PRODUCT = YES;
			};
			name = Release;
		};
		4E6C11B02183A84900C914BD /* Debug */ = {
			isa = XCBuildConfiguration;
			buildSettings = {
				ASSETCATALOG_COMPILER_APPICON_NAME = AppIcon;
				CLANG_ENABLE_MODULES = YES;
				CODE_SIGN_IDENTITY = "iPhone Developer";
				CODE_SIGN_STYLE = Automatic;
				DEVELOPMENT_TEAM = 663U77GF8N;
				FRAMEWORK_SEARCH_PATHS = (
					"$(inherited)",
					"$(PROJECT_DIR)/Carthage/Build/iOS",
				);
				INFOPLIST_FILE = "Film App/Info.plist";
				LD_RUNPATH_SEARCH_PATHS = (
					"$(inherited)",
					"@executable_path/Frameworks",
				);
				PRODUCT_BUNDLE_IDENTIFIER = veronika.danilova.MovieNight;
				PRODUCT_NAME = "$(TARGET_NAME)";
				PROVISIONING_PROFILE_SPECIFIER = "";
				SWIFT_OPTIMIZATION_LEVEL = "-Onone";
				SWIFT_VERSION = 4.2;
				TARGETED_DEVICE_FAMILY = "1,2";
			};
			name = Debug;
		};
		4E6C11B12183A84900C914BD /* Release */ = {
			isa = XCBuildConfiguration;
			buildSettings = {
				ASSETCATALOG_COMPILER_APPICON_NAME = AppIcon;
				CLANG_ENABLE_MODULES = YES;
				CODE_SIGN_IDENTITY = "iPhone Developer";
				CODE_SIGN_STYLE = Automatic;
				DEVELOPMENT_TEAM = 663U77GF8N;
				FRAMEWORK_SEARCH_PATHS = (
					"$(inherited)",
					"$(PROJECT_DIR)/Carthage/Build/iOS",
				);
				INFOPLIST_FILE = "Film App/Info.plist";
				LD_RUNPATH_SEARCH_PATHS = (
					"$(inherited)",
					"@executable_path/Frameworks",
				);
				ONLY_ACTIVE_ARCH = YES;
				OTHER_LDFLAGS = "$(OTHER_LDFLAGS)";
				PRODUCT_BUNDLE_IDENTIFIER = veronika.danilova.MovieNight;
				PRODUCT_NAME = "$(TARGET_NAME)";
				PROVISIONING_PROFILE_SPECIFIER = "";
				SWIFT_VERSION = 4.2;
				TARGETED_DEVICE_FAMILY = "1,2";
			};
			name = Release;
		};
/* End XCBuildConfiguration section */

/* Begin XCConfigurationList section */
		4E6C11982183A84700C914BD /* Build configuration list for PBXProject "Film App" */ = {
			isa = XCConfigurationList;
			buildConfigurations = (
				4E6C11AD2183A84900C914BD /* Debug */,
				4E6C11AE2183A84900C914BD /* Release */,
			);
			defaultConfigurationIsVisible = 0;
			defaultConfigurationName = Release;
		};
		4E6C11AF2183A84900C914BD /* Build configuration list for PBXNativeTarget "Film App" */ = {
			isa = XCConfigurationList;
			buildConfigurations = (
				4E6C11B02183A84900C914BD /* Debug */,
				4E6C11B12183A84900C914BD /* Release */,
			);
			defaultConfigurationIsVisible = 0;
			defaultConfigurationName = Release;
		};
/* End XCConfigurationList section */

/* Begin XCVersionGroup section */
		4E16AB5D21D2723C00CB0EFD /* Wishlist.xcdatamodeld */ = {
			isa = XCVersionGroup;
			children = (
				4E16AB5E21D2723C00CB0EFD /* MovieNight.xcdatamodel */,
			);
			currentVersion = 4E16AB5E21D2723C00CB0EFD /* MovieNight.xcdatamodel */;
			path = Wishlist.xcdatamodeld;
			sourceTree = "<group>";
			versionGroupType = wrapper.xcdatamodel;
		};
/* End XCVersionGroup section */
	};
	rootObject = 4E6C11952183A84700C914BD /* Project object */;
}
